// !$*UTF8*$!
{
	archiveVersion = 1;
	classes = {
	};
	objectVersion = 46;
	objects = {

/* Begin PBXBuildFile section */
		9F36D6551BE3EBA100B8C8AC /* AppDelegate.swift in Sources */ = {isa = PBXBuildFile; fileRef = 9F36D6541BE3EBA100B8C8AC /* AppDelegate.swift */; };
		9F36D6571BE3EBA100B8C8AC /* ViewController.swift in Sources */ = {isa = PBXBuildFile; fileRef = 9F36D6561BE3EBA100B8C8AC /* ViewController.swift */; };
		9F36D65A1BE3EBA100B8C8AC /* Main.storyboard in Resources */ = {isa = PBXBuildFile; fileRef = 9F36D6581BE3EBA100B8C8AC /* Main.storyboard */; };
		9F36D65C1BE3EBA100B8C8AC /* Assets.xcassets in Resources */ = {isa = PBXBuildFile; fileRef = 9F36D65B1BE3EBA100B8C8AC /* Assets.xcassets */; };
		9F36D65F1BE3EBA100B8C8AC /* LaunchScreen.storyboard in Resources */ = {isa = PBXBuildFile; fileRef = 9F36D65D1BE3EBA100B8C8AC /* LaunchScreen.storyboard */; };
/* End PBXBuildFile section */

/* Begin PBXFileReference section */
		9F36D6511BE3EBA100B8C8AC /* surf1.app */ = {isa = PBXFileReference; explicitFileType = wrapper.application; includeInIndex = 0; path = surf1.app; sourceTree = BUILT_PRODUCTS_DIR; };
		9F36D6541BE3EBA100B8C8AC /* AppDelegate.swift */ = {isa = PBXFileReference; lastKnownFileType = sourcecode.swift; path = AppDelegate.swift; sourceTree = "<group>"; };
		9F36D6561BE3EBA100B8C8AC /* ViewController.swift */ = {isa = PBXFileReference; lastKnownFileType = sourcecode.swift; path = ViewController.swift; sourceTree = "<group>"; };
		9F36D6591BE3EBA100B8C8AC /* Base */ = {isa = PBXFileReference; lastKnownFileType = file.storyboard; name = Base; path = Base.lproj/Main.storyboard; sourceTree = "<group>"; };
		9F36D65B1BE3EBA100B8C8AC /* Assets.xcassets */ = {isa = PBXFileReference; lastKnownFileType = folder.assetcatalog; path = Assets.xcassets; sourceTree = "<group>"; };
		9F36D65E1BE3EBA100B8C8AC /* Base */ = {isa = PBXFileReference; lastKnownFileType = file.storyboard; name = Base; path = Base.lproj/LaunchScreen.storyboard; sourceTree = "<group>"; };
		9F36D6601BE3EBA100B8C8AC /* Info.plist */ = {isa = PBXFileReference; lastKnownFileType = text.plist.xml; path = Info.plist; sourceTree = "<group>"; };
/* End PBXFileReference section */

/* Begin PBXFrameworksBuildPhase section */
		9F36D64E1BE3EBA100B8C8AC /* Frameworks */ = {
			isa = PBXFrameworksBuildPhase;
			buildActionMask = 2147483647;
			files = (
			);
			runOnlyForDeploymentPostprocessing = 0;
		};
/* End PBXFrameworksBuildPhase section */

/* Begin PBXGroup section */
		9F36D6481BE3EBA100B8C8AC = {
			isa = PBXGroup;
			children = (
				9F36D6531BE3EBA100B8C8AC /* surf1 */,
				9F36D6521BE3EBA100B8C8AC /* Products */,
			);
			sourceTree = "<group>";
		};
		9F36D6521BE3EBA100B8C8AC /* Products */ = {
			isa = PBXGroup;
			children = (
				9F36D6511BE3EBA100B8C8AC /* surf1.app */,
			);
			name = Products;
			sourceTree = "<group>";
		};
		9F36D6531BE3EBA100B8C8AC /* surf1 */ = {
			isa = PBXGroup;
			children = (
				9F36D6541BE3EBA100B8C8AC /* AppDelegate.swift */,
				9F36D6561BE3EBA100B8C8AC /* ViewController.swift */,
				9F36D6581BE3EBA100B8C8AC /* Main.storyboard */,
				9F36D65B1BE3EBA100B8C8AC /* Assets.xcassets */,
				9F36D65D1BE3EBA100B8C8AC /* LaunchScreen.storyboard */,
				9F36D6601BE3EBA100B8C8AC /* Info.plist */,
			);
			path = surf1;
			sourceTree = "<group>";
		};
/* End PBXGroup section */

/* Begin PBXNativeTarget section */
		9F36D6501BE3EBA100B8C8AC /* surf1 */ = {
			isa = PBXNativeTarget;
			buildConfigurationList = 9F36D6631BE3EBA100B8C8AC /* Build configuration list for PBXNativeTarget "surf1" */;
			buildPhases = (
				9F36D64D1BE3EBA100B8C8AC /* Sources */,
				9F36D64E1BE3EBA100B8C8AC /* Frameworks */,
				9F36D64F1BE3EBA100B8C8AC /* Resources */,
			);
			buildRules = (
			);
			dependencies = (
			);
			name = surf1;
			productName = surf1;
			productReference = 9F36D6511BE3EBA100B8C8AC /* surf1.app */;
			productType = "com.apple.product-type.application";
		};
/* End PBXNativeTarget section */

/* Begin PBXProject section */
		9F36D6491BE3EBA100B8C8AC /* Project object */ = {
			isa = PBXProject;
			attributes = {
				LastSwiftUpdateCheck = 0710;
				LastUpgradeCheck = 0710;
				ORGANIZATIONNAME = nipun;
				TargetAttributes = {
					9F36D6501BE3EBA100B8C8AC = {
						CreatedOnToolsVersion = 7.1;
					};
				};
			};
			buildConfigurationList = 9F36D64C1BE3EBA100B8C8AC /* Build configuration list for PBXProject "surf1" */;
			compatibilityVersion = "Xcode 3.2";
			developmentRegion = English;
			hasScannedForEncodings = 0;
			knownRegions = (
				en,
				Base,
			);
			mainGroup = 9F36D6481BE3EBA100B8C8AC;
			productRefGroup = 9F36D6521BE3EBA100B8C8AC /* Products */;
			projectDirPath = "";
			projectRoot = "";
			targets = (
				9F36D6501BE3EBA100B8C8AC /* surf1 */,
			);
		};
/* End PBXProject section */

/* Begin PBXResourcesBuildPhase section */
		9F36D64F1BE3EBA100B8C8AC /* Resources */ = {
			isa = PBXResourcesBuildPhase;
			buildActionMask = 2147483647;
			files = (
				9F36D65F1BE3EBA100B8C8AC /* LaunchScreen.storyboard in Resources */,
				9F36D65C1BE3EBA100B8C8AC /* Assets.xcassets in Resources */,
				9F36D65A1BE3EBA100B8C8AC /* Main.storyboard in Resources */,
			);
			runOnlyForDeploymentPostprocessing = 0;
		};
/* End PBXResourcesBuildPhase section */

/* Begin PBXSourcesBuildPhase section */
		9F36D64D1BE3EBA100B8C8AC /* Sources */ = {
			isa = PBXSourcesBuildPhase;
			buildActionMask = 2147483647;
			files = (
				9F36D6571BE3EBA100B8C8AC /* ViewController.swift in Sources */,
				9F36D6551BE3EBA100B8C8AC /* AppDelegate.swift in Sources */,
			);
			runOnlyForDeploymentPostprocessing = 0;
		};
/* End PBXSourcesBuildPhase section */

/* Begin PBXVariantGroup section */
		9F36D6581BE3EBA100B8C8AC /* Main.storyboard */ = {
			isa = PBXVariantGroup;
			children = (
				9F36D6591BE3EBA100B8C8AC /* Base */,
			);
			name = Main.storyboard;
			sourceTree = "<group>";
		};
		9F36D65D1BE3EBA100B8C8AC /* LaunchScreen.storyboard */ = {
			isa = PBXVariantGroup;
			children = (
				9F36D65E1BE3EBA100B8C8AC /* Base */,
			);
			name = LaunchScreen.storyboard;
			sourceTree = "<group>";
		};
/* End PBXVariantGroup section */

/* Begin XCBuildConfiguration section */
		9F36D6611BE3EBA100B8C8AC /* Debug */ = {
			isa = XCBuildConfiguration;
			buildSettings = {
				ALWAYS_SEARCH_USER_PATHS = NO;
				CLANG_CXX_LANGUAGE_STANDARD = "gnu++0x";
				CLANG_CXX_LIBRARY = "libc++";
				CLANG_ENABLE_MODULES = YES;
				CLANG_ENABLE_OBJC_ARC = YES;
				CLANG_WARN_BOOL_CONVERSION = YES;
				CLANG_WARN_CONSTANT_CONVERSION = YES;
				CLANG_WARN_DIRECT_OBJC_ISA_USAGE = YES_ERROR;
				CLANG_WARN_EMPTY_BODY = YES;
				CLANG_WARN_ENUM_CONVERSION = YES;
				CLANG_WARN_INT_CONVERSION = YES;
				CLANG_WARN_OBJC_ROOT_CLASS = YES_ERROR;
				CLANG_WARN_UNREACHABLE_CODE = YES;
				CLANG_WARN__DUPLICATE_METHOD_MATCH = YES;
				"CODE_SIGN_IDENTITY[sdk=iphoneos*]" = "iPhone Developer";
				COPY_PHASE_STRIP = NO;
				DEBUG_INFORMATION_FORMAT = dwarf;
				ENABLE_STRICT_OBJC_MSGSEND = YES;
				ENABLE_TESTABILITY = YES;
				GCC_C_LANGUAGE_STANDARD = gnu99;
				GCC_DYNAMIC_NO_PIC = NO;
				GCC_NO_COMMON_BLOCKS = YES;
				GCC_OPTIMIZATION_LEVEL = 0;
				GCC_PREPROCESSOR_DEFINITIONS = (
					"DEBUG=1",
					"$(inherited)",
				);
				GCC_WARN_64_TO_32_BIT_CONVERSION = YES;
				GCC_WARN_ABOUT_RETURN_TYPE = YES_ERROR;
				GCC_WARN_UNDECLARED_SELECTOR = YES;
				GCC_WARN_UNINITIALIZED_AUTOS = YES_AGGRESSIVE;
				GCC_WARN_UNUSED_FUNCTION = YES;
				GCC_WARN_UNUSED_VARIABLE = YES;
				IPHONEOS_DEPLOYMENT_TARGET = 9.1;
				MTL_ENABLE_DEBUG_INFO = YES;
				ONLY_ACTIVE_ARCH = YES;
				SDKROOT = iphoneos;
				SWIFT_OPTIMIZATION_LEVEL = "-Onone";
			};
			name = Debug;
		};
		9F36D6621BE3EBA100B8C8AC /* Release */ = {
			isa = XCBuildConfiguration;
			buildSettings = {
				ALWAYS_SEARCH_USER_PATHS = NO;
				CLANG_CXX_LANGUAGE_STANDARD = "gnu++0x";
				CLANG_CXX_LIBRARY = "libc++";
				CLANG_ENABLE_MODULES = YES;
				CLANG_ENABLE_OBJC_ARC = YES;
				CLANG_WARN_BOOL_CONVERSION = YES;
				CLANG_WARN_CONSTANT_CONVERSION = YES;
				CLANG_WARN_DIRECT_OBJC_ISA_USAGE = YES_ERROR;
				CLANG_WARN_EMPTY_BODY = YES;
				CLANG_WARN_ENUM_CONVERSION = YES;
				CLANG_WARN_INT_CONVERSION = YES;
				CLANG_WARN_OBJC_ROOT_CLASS = YES_ERROR;
				CLANG_WARN_UNREACHABLE_CODE = YES;
				CLANG_WARN__DUPLICATE_METHOD_MATCH = YES;
				"CODE_SIGN_IDENTITY[sdk=iphoneos*]" = "iPhone Developer";
				COPY_PHASE_STRIP = NO;
				DEBUG_INFORMATION_FORMAT = "dwarf-with-dsym";
				ENABLE_NS_ASSERTIONS = NO;
				ENABLE_STRICT_OBJC_MSGSEND = YES;
				GCC_C_LANGUAGE_STANDARD = gnu99;
				GCC_NO_COMMON_BLOCKS = YES;
				GCC_WARN_64_TO_32_BIT_CONVERSION = YES;
				GCC_WARN_ABOUT_RETURN_TYPE = YES_ERROR;
				GCC_WARN_UNDECLARED_SELECTOR = YES;
				GCC_WARN_UNINITIALIZED_AUTOS = YES_AGGRESSIVE;
				GCC_WARN_UNUSED_FUNCTION = YES;
				GCC_WARN_UNUSED_VARIABLE = YES;
				IPHONEOS_DEPLOYMENT_TARGET = 9.1;
				MTL_ENABLE_DEBUG_INFO = NO;
				SDKROOT = iphoneos;
				VALIDATE_PRODUCT = YES;
			};
			name = Release;
		};
		9F36D6641BE3EBA100B8C8AC /* Debug */ = {
			isa = XCBuildConfiguration;
			buildSettings = {
				ASSETCATALOG_COMPILER_APPICON_NAME = AppIcon;
				INFOPLIST_FILE = surf1/Info.plist;
				LD_RUNPATH_SEARCH_PATHS = "$(inherited) @executable_path/Frameworks";
				PRODUCT_BUNDLE_IDENTIFIER = com.nipun.surf1;
				PRODUCT_NAME = "$(TARGET_NAME)";
			};
			name = Debug;
		};
		9F36D6651BE3EBA100B8C8AC /* Release */ = {
			isa = XCBuildConfiguration;
			buildSettings = {
				ASSETCATALOG_COMPILER_APPICON_NAME = AppIcon;
				INFOPLIST_FILE = surf1/Info.plist;
				LD_RUNPATH_SEARCH_PATHS = "$(inherited) @executable_path/Frameworks";
				PRODUCT_BUNDLE_IDENTIFIER = com.nipun.surf1;
				PRODUCT_NAME = "$(TARGET_NAME)";
			};
			name = Release;
		};
/* End XCBuildConfiguration section */

/* Begin XCConfigurationList section */
		9F36D64C1BE3EBA100B8C8AC /* Build configuration list for PBXProject "surf1" */ = {
			isa = XCConfigurationList;
			buildConfigurations = (
				9F36D6611BE3EBA100B8C8AC /* Debug */,
				9F36D6621BE3EBA100B8C8AC /* Release */,
			);
			defaultConfigurationIsVisible = 0;
			defaultConfigurationName = Release;
		};
		9F36D6631BE3EBA100B8C8AC /* Build configuration list for PBXNativeTarget "surf1" */ = {
			isa = XCConfigurationList;
			buildConfigurations = (
				9F36D6641BE3EBA100B8C8AC /* Debug */,
				9F36D6651BE3EBA100B8C8AC /* Release */,
			);
			defaultConfigurationIsVisible = 0;
		};
/* End XCConfigurationList section */
	};
	rootObject = 9F36D6491BE3EBA100B8C8AC /* Project object */;
}
